
Microsoft Visual Studio Solution File, Format Version 12.00
# Visual Studio Version 16
VisualStudioVersion = 16.0.31129.286
MinimumVisualStudioVersion = 10.0.40219.1
Project("{FAE04EC0-301F-11D3-BF4B-00C04F79EFBC}") = "GozillaOkONG", "GozillaOkONG.csproj", "{262547E4-1A9E-4C62-ABF1-2564811BE3F4}"
EndProject
Global
	GlobalSection(SolutionConfigurationPlatforms) = preSolution
		Debug|Any CPU = Debug|Any CPU
		Release|Any CPU = Release|Any CPU
	EndGlobalSection
	GlobalSection(ProjectConfigurationPlatforms) = postSolution
		{262547E4-1A9E-4C62-ABF1-2564811BE3F4}.Debug|Any CPU.ActiveCfg = Debug|Any CPU
		{262547E4-1A9E-4C62-ABF1-2564811BE3F4}.Debug|Any CPU.Build.0 = Debug|Any CPU
		{262547E4-1A9E-4C62-ABF1-2564811BE3F4}.Release|Any CPU.ActiveCfg = Release|Any CPU
		{262547E4-1A9E-4C62-ABF1-2564811BE3F4}.Release|Any CPU.Build.0 = Release|Any CPU
	EndGlobalSection
	GlobalSection(SolutionProperties) = preSolution
		HideSolutionNode = FALSE
	EndGlobalSection
	GlobalSection(ExtensibilityGlobals) = postSolution
		SolutionGuid = {AF59312F-DD69-41D5-BA5B-975A67055434}
	EndGlobalSection
EndGlobal
